
Microsoft Visual Studio Solution File, Format Version 12.00
# Visual Studio Version 17
VisualStudioVersion = 17.6.33717.318
MinimumVisualStudioVersion = 10.0.40219.1
Project("{FAE04EC0-301F-11D3-BF4B-00C04F79EFBC}") = "Presentation", "TestingEF1\Presentation.csproj", "{626C1341-8D32-499D-8990-7DFFFB7DE2D1}"
EndProject
Project("{FAE04EC0-301F-11D3-BF4B-00C04F79EFBC}") = "DataAccess", "DataAccess\DataAccess.csproj", "{9E196468-2737-4069-B967-D47D2EA36DC5}"
EndProject
Project("{FAE04EC0-301F-11D3-BF4B-00C04F79EFBC}") = "Domain", "Domain\Domain.csproj", "{3AC9EEBA-1C3E-424D-9DAE-A9D7EFCB844F}"
EndProject
Project("{2150E333-8FDC-42A3-9474-1A3956D46DE8}") = "3Domain", "3Domain", "{DBBF6A63-A850-487F-8F65-5F0BC9D7758F}"
EndProject
Project("{2150E333-8FDC-42A3-9474-1A3956D46DE8}") = "4DataAccess", "4DataAccess", "{A8B9E14B-D277-4FBE-8197-3CCDB13AC8D3}"
EndProject
Project("{2150E333-8FDC-42A3-9474-1A3956D46DE8}") = "1Presentation", "1Presentation", "{DB2C8DA2-6E2A-48C0-B914-E4218BCD99CE}"
EndProject
Project("{2150E333-8FDC-42A3-9474-1A3956D46DE8}") = "2Service", "2Service", "{19602DAB-3519-4F20-8566-92EB5576EF41}"
EndProject
Project("{FAE04EC0-301F-11D3-BF4B-00C04F79EFBC}") = "Services", "Services\Services.csproj", "{72417046-6AFC-4E96-BD1C-9765D453768D}"
EndProject
Project("{FAE04EC0-301F-11D3-BF4B-00C04F79EFBC}") = "API2", "API2\API2.csproj", "{88851EE3-8DF8-4659-BE6E-236213540DCA}"
EndProject
Project("{FAE04EC0-301F-11D3-BF4B-00C04F79EFBC}") = "DTOs", "DTOs\DTOs.csproj", "{A9A3F11B-442C-4410-8A37-6A65E3214ADD}"
EndProject
Global
	GlobalSection(SolutionConfigurationPlatforms) = preSolution
		Debug|Any CPU = Debug|Any CPU
		Release|Any CPU = Release|Any CPU
	EndGlobalSection
	GlobalSection(ProjectConfigurationPlatforms) = postSolution
		{626C1341-8D32-499D-8990-7DFFFB7DE2D1}.Debug|Any CPU.ActiveCfg = Debug|Any CPU
		{626C1341-8D32-499D-8990-7DFFFB7DE2D1}.Debug|Any CPU.Build.0 = Debug|Any CPU
		{626C1341-8D32-499D-8990-7DFFFB7DE2D1}.Release|Any CPU.ActiveCfg = Release|Any CPU
		{626C1341-8D32-499D-8990-7DFFFB7DE2D1}.Release|Any CPU.Build.0 = Release|Any CPU
		{9E196468-2737-4069-B967-D47D2EA36DC5}.Debug|Any CPU.ActiveCfg = Debug|Any CPU
		{9E196468-2737-4069-B967-D47D2EA36DC5}.Debug|Any CPU.Build.0 = Debug|Any CPU
		{9E196468-2737-4069-B967-D47D2EA36DC5}.Release|Any CPU.ActiveCfg = Release|Any CPU
		{9E196468-2737-4069-B967-D47D2EA36DC5}.Release|Any CPU.Build.0 = Release|Any CPU
		{3AC9EEBA-1C3E-424D-9DAE-A9D7EFCB844F}.Debug|Any CPU.ActiveCfg = Debug|Any CPU
		{3AC9EEBA-1C3E-424D-9DAE-A9D7EFCB844F}.Debug|Any CPU.Build.0 = Debug|Any CPU
		{3AC9EEBA-1C3E-424D-9DAE-A9D7EFCB844F}.Release|Any CPU.ActiveCfg = Release|Any CPU
		{3AC9EEBA-1C3E-424D-9DAE-A9D7EFCB844F}.Release|Any CPU.Build.0 = Release|Any CPU
		{72417046-6AFC-4E96-BD1C-9765D453768D}.Debug|Any CPU.ActiveCfg = Debug|Any CPU
		{72417046-6AFC-4E96-BD1C-9765D453768D}.Debug|Any CPU.Build.0 = Debug|Any CPU
		{72417046-6AFC-4E96-BD1C-9765D453768D}.Release|Any CPU.ActiveCfg = Release|Any CPU
		{72417046-6AFC-4E96-BD1C-9765D453768D}.Release|Any CPU.Build.0 = Release|Any CPU
		{88851EE3-8DF8-4659-BE6E-236213540DCA}.Debug|Any CPU.ActiveCfg = Debug|Any CPU
		{88851EE3-8DF8-4659-BE6E-236213540DCA}.Debug|Any CPU.Build.0 = Debug|Any CPU
		{88851EE3-8DF8-4659-BE6E-236213540DCA}.Release|Any CPU.ActiveCfg = Release|Any CPU
		{88851EE3-8DF8-4659-BE6E-236213540DCA}.Release|Any CPU.Build.0 = Release|Any CPU
		{A9A3F11B-442C-4410-8A37-6A65E3214ADD}.Debug|Any CPU.ActiveCfg = Debug|Any CPU
		{A9A3F11B-442C-4410-8A37-6A65E3214ADD}.Debug|Any CPU.Build.0 = Debug|Any CPU
		{A9A3F11B-442C-4410-8A37-6A65E3214ADD}.Release|Any CPU.ActiveCfg = Release|Any CPU
		{A9A3F11B-442C-4410-8A37-6A65E3214ADD}.Release|Any CPU.Build.0 = Release|Any CPU
	EndGlobalSection
	GlobalSection(SolutionProperties) = preSolution
		HideSolutionNode = FALSE
	EndGlobalSection
	GlobalSection(NestedProjects) = preSolution
		{626C1341-8D32-499D-8990-7DFFFB7DE2D1} = {DB2C8DA2-6E2A-48C0-B914-E4218BCD99CE}
		{9E196468-2737-4069-B967-D47D2EA36DC5} = {A8B9E14B-D277-4FBE-8197-3CCDB13AC8D3}
		{3AC9EEBA-1C3E-424D-9DAE-A9D7EFCB844F} = {DBBF6A63-A850-487F-8F65-5F0BC9D7758F}
		{72417046-6AFC-4E96-BD1C-9765D453768D} = {19602DAB-3519-4F20-8566-92EB5576EF41}
		{88851EE3-8DF8-4659-BE6E-236213540DCA} = {DB2C8DA2-6E2A-48C0-B914-E4218BCD99CE}
		{A9A3F11B-442C-4410-8A37-6A65E3214ADD} = {19602DAB-3519-4F20-8566-92EB5576EF41}
	EndGlobalSection
	GlobalSection(ExtensibilityGlobals) = postSolution
		SolutionGuid = {ABFEE17F-9ACB-4BD6-AC7F-9DBB17441E1A}
	EndGlobalSection
EndGlobal
